
Microsoft Visual Studio Solution File, Format Version 12.00
# Visual Studio Version 16
VisualStudioVersion = 16.0.33328.57
MinimumVisualStudioVersion = 10.0.40219.1
Project("{8BC9CEB8-8B4A-11D0-8D11-00A0C91BC942}") = "boss and employee", "boss and employee\boss and employee.vcxproj", "{8CC0E17E-F184-47EF-BE44-E4E2486AF615}"
EndProject
Global
	GlobalSection(SolutionConfigurationPlatforms) = preSolution
		Debug|x64 = Debug|x64
		Debug|x86 = Debug|x86
		Release|x64 = Release|x64
		Release|x86 = Release|x86
	EndGlobalSection
	GlobalSection(ProjectConfigurationPlatforms) = postSolution
		{8CC0E17E-F184-47EF-BE44-E4E2486AF615}.Debug|x64.ActiveCfg = Debug|x64
		{8CC0E17E-F184-47EF-BE44-E4E2486AF615}.Debug|x64.Build.0 = Debug|x64
		{8CC0E17E-F184-47EF-BE44-E4E2486AF615}.Debug|x86.ActiveCfg = Debug|Win32
		{8CC0E17E-F184-47EF-BE44-E4E2486AF615}.Debug|x86.Build.0 = Debug|Win32
		{8CC0E17E-F184-47EF-BE44-E4E2486AF615}.Release|x64.ActiveCfg = Release|x64
		{8CC0E17E-F184-47EF-BE44-E4E2486AF615}.Release|x64.Build.0 = Release|x64
		{8CC0E17E-F184-47EF-BE44-E4E2486AF615}.Release|x86.ActiveCfg = Release|Win32
		{8CC0E17E-F184-47EF-BE44-E4E2486AF615}.Release|x86.Build.0 = Release|Win32
	EndGlobalSection
	GlobalSection(SolutionProperties) = preSolution
		HideSolutionNode = FALSE
	EndGlobalSection
	GlobalSection(ExtensibilityGlobals) = postSolution
		SolutionGuid = {7AF9CCFC-61AF-4A74-81AB-17F985481307}
	EndGlobalSection
EndGlobal
